// !$*UTF8*$!
{
	archiveVersion = 1;
	classes = {
	};
	objectVersion = 46;
	objects = {

/* Begin PBXBuildFile section */
		73A637281C5A28C200C57073 /* WireMockClient.h in Headers */ = {isa = PBXBuildFile; fileRef = 73A637271C5A28C200C57073 /* WireMockClient.h */; settings = {ATTRIBUTES = (Public, ); }; };
		73A6372F1C5A28C200C57073 /* WireMockClient.framework in Frameworks */ = {isa = PBXBuildFile; fileRef = 73A637241C5A28C200C57073 /* WireMockClient.framework */; };
		73A637341C5A28C200C57073 /* WireMockClientTests.swift in Sources */ = {isa = PBXBuildFile; fileRef = 73A637331C5A28C200C57073 /* WireMockClientTests.swift */; };
		73A6373F1C5A2AD600C57073 /* WireMockClient.swift in Sources */ = {isa = PBXBuildFile; fileRef = 73A6373E1C5A2AD600C57073 /* WireMockClient.swift */; };
		73A637431C5A2CEF00C57073 /* RequestBuilder.swift in Sources */ = {isa = PBXBuildFile; fileRef = 73A637401C5A2CEF00C57073 /* RequestBuilder.swift */; };
		73A637441C5A2CEF00C57073 /* ResponseBuilder.swift in Sources */ = {isa = PBXBuildFile; fileRef = 73A637411C5A2CEF00C57073 /* ResponseBuilder.swift */; };
		73A637451C5A2CEF00C57073 /* Url.swift in Sources */ = {isa = PBXBuildFile; fileRef = 73A637421C5A2CEF00C57073 /* Url.swift */; };
		73A637471C5A348300C57073 /* WireMockClientManager.swift in Sources */ = {isa = PBXBuildFile; fileRef = 73A637461C5A348300C57073 /* WireMockClientManager.swift */; };
		73A6374B1C5A36F300C57073 /* MappingBuilder.swift in Sources */ = {isa = PBXBuildFile; fileRef = 73A6374A1C5A36F300C57073 /* MappingBuilder.swift */; };
		73A6374D1C5A3BDD00C57073 /* Mapping.swift in Sources */ = {isa = PBXBuildFile; fileRef = 73A6374C1C5A3BDD00C57073 /* Mapping.swift */; };
		73A6374F1C5C705F00C57073 /* RequestBuilderTest.swift in Sources */ = {isa = PBXBuildFile; fileRef = 73A6374E1C5C705F00C57073 /* RequestBuilderTest.swift */; };
		73A637511C5C721100C57073 /* Request.swift in Sources */ = {isa = PBXBuildFile; fileRef = 73A637501C5C721100C57073 /* Request.swift */; };
		73A637531C5C7E9400C57073 /* ResponseBuilderTest.swift in Sources */ = {isa = PBXBuildFile; fileRef = 73A637521C5C7E9400C57073 /* ResponseBuilderTest.swift */; };
		73A637551C5C801C00C57073 /* Response.swift in Sources */ = {isa = PBXBuildFile; fileRef = 73A637541C5C801C00C57073 /* Response.swift */; };
		8E3CF58F4E05140A755BF8BD /* Pods_WireMockClientTests.framework in Frameworks */ = {isa = PBXBuildFile; fileRef = 4C6D4A54AA268ED913D17DF9 /* Pods_WireMockClientTests.framework */; };
		BF52F966D7140035D26628AF /* Pods_WireMockClient.framework in Frameworks */ = {isa = PBXBuildFile; fileRef = 08343DF096AA2D7E3360ADB3 /* Pods_WireMockClient.framework */; };
/* End PBXBuildFile section */

/* Begin PBXContainerItemProxy section */
		73A637301C5A28C200C57073 /* PBXContainerItemProxy */ = {
			isa = PBXContainerItemProxy;
			containerPortal = 73A6371B1C5A28C200C57073 /* Project object */;
			proxyType = 1;
			remoteGlobalIDString = 73A637231C5A28C200C57073;
			remoteInfo = WireMockClient;
		};
/* End PBXContainerItemProxy section */

/* Begin PBXFileReference section */
		08343DF096AA2D7E3360ADB3 /* Pods_WireMockClient.framework */ = {isa = PBXFileReference; explicitFileType = wrapper.framework; includeInIndex = 0; path = Pods_WireMockClient.framework; sourceTree = BUILT_PRODUCTS_DIR; };
		3D0B4E863ABB248EC8B4EBE9 /* Pods-WireMockClientTests.release.xcconfig */ = {isa = PBXFileReference; includeInIndex = 1; lastKnownFileType = text.xcconfig; name = "Pods-WireMockClientTests.release.xcconfig"; path = "Pods/Target Support Files/Pods-WireMockClientTests/Pods-WireMockClientTests.release.xcconfig"; sourceTree = "<group>"; };
		4C6D4A54AA268ED913D17DF9 /* Pods_WireMockClientTests.framework */ = {isa = PBXFileReference; explicitFileType = wrapper.framework; includeInIndex = 0; path = Pods_WireMockClientTests.framework; sourceTree = BUILT_PRODUCTS_DIR; };
		73A637241C5A28C200C57073 /* WireMockClient.framework */ = {isa = PBXFileReference; explicitFileType = wrapper.framework; includeInIndex = 0; path = WireMockClient.framework; sourceTree = BUILT_PRODUCTS_DIR; };
		73A637271C5A28C200C57073 /* WireMockClient.h */ = {isa = PBXFileReference; lastKnownFileType = sourcecode.c.h; path = WireMockClient.h; sourceTree = "<group>"; };
		73A637291C5A28C200C57073 /* Info.plist */ = {isa = PBXFileReference; lastKnownFileType = text.plist.xml; path = Info.plist; sourceTree = "<group>"; };
		73A6372E1C5A28C200C57073 /* WireMockClientTests.xctest */ = {isa = PBXFileReference; explicitFileType = wrapper.cfbundle; includeInIndex = 0; path = WireMockClientTests.xctest; sourceTree = BUILT_PRODUCTS_DIR; };
		73A637331C5A28C200C57073 /* WireMockClientTests.swift */ = {isa = PBXFileReference; lastKnownFileType = sourcecode.swift; path = WireMockClientTests.swift; sourceTree = "<group>"; };
		73A637351C5A28C200C57073 /* Info.plist */ = {isa = PBXFileReference; lastKnownFileType = text.plist.xml; path = Info.plist; sourceTree = "<group>"; };
		73A6373E1C5A2AD600C57073 /* WireMockClient.swift */ = {isa = PBXFileReference; fileEncoding = 4; lastKnownFileType = sourcecode.swift; path = WireMockClient.swift; sourceTree = "<group>"; };
		73A637401C5A2CEF00C57073 /* RequestBuilder.swift */ = {isa = PBXFileReference; fileEncoding = 4; lastKnownFileType = sourcecode.swift; path = RequestBuilder.swift; sourceTree = "<group>"; };
		73A637411C5A2CEF00C57073 /* ResponseBuilder.swift */ = {isa = PBXFileReference; fileEncoding = 4; lastKnownFileType = sourcecode.swift; path = ResponseBuilder.swift; sourceTree = "<group>"; };
		73A637421C5A2CEF00C57073 /* Url.swift */ = {isa = PBXFileReference; fileEncoding = 4; lastKnownFileType = sourcecode.swift; path = Url.swift; sourceTree = "<group>"; };
		73A637461C5A348300C57073 /* WireMockClientManager.swift */ = {isa = PBXFileReference; fileEncoding = 4; lastKnownFileType = sourcecode.swift; path = WireMockClientManager.swift; sourceTree = "<group>"; };
		73A6374A1C5A36F300C57073 /* MappingBuilder.swift */ = {isa = PBXFileReference; fileEncoding = 4; lastKnownFileType = sourcecode.swift; path = MappingBuilder.swift; sourceTree = "<group>"; };
		73A6374C1C5A3BDD00C57073 /* Mapping.swift */ = {isa = PBXFileReference; fileEncoding = 4; lastKnownFileType = sourcecode.swift; path = Mapping.swift; sourceTree = "<group>"; };
		73A6374E1C5C705F00C57073 /* RequestBuilderTest.swift */ = {isa = PBXFileReference; fileEncoding = 4; lastKnownFileType = sourcecode.swift; path = RequestBuilderTest.swift; sourceTree = "<group>"; };
		73A637501C5C721100C57073 /* Request.swift */ = {isa = PBXFileReference; fileEncoding = 4; lastKnownFileType = sourcecode.swift; path = Request.swift; sourceTree = "<group>"; };
		73A637521C5C7E9400C57073 /* ResponseBuilderTest.swift */ = {isa = PBXFileReference; fileEncoding = 4; lastKnownFileType = sourcecode.swift; path = ResponseBuilderTest.swift; sourceTree = "<group>"; };
		73A637541C5C801C00C57073 /* Response.swift */ = {isa = PBXFileReference; fileEncoding = 4; lastKnownFileType = sourcecode.swift; path = Response.swift; sourceTree = "<group>"; };
		786832EB86CE55CFBE9148FD /* Pods-WireMockClient.debug.xcconfig */ = {isa = PBXFileReference; includeInIndex = 1; lastKnownFileType = text.xcconfig; name = "Pods-WireMockClient.debug.xcconfig"; path = "Pods/Target Support Files/Pods-WireMockClient/Pods-WireMockClient.debug.xcconfig"; sourceTree = "<group>"; };
		7A1891E51CAFA8A40A3273F6 /* Pods-WireMockClient.release.xcconfig */ = {isa = PBXFileReference; includeInIndex = 1; lastKnownFileType = text.xcconfig; name = "Pods-WireMockClient.release.xcconfig"; path = "Pods/Target Support Files/Pods-WireMockClient/Pods-WireMockClient.release.xcconfig"; sourceTree = "<group>"; };
		B937EC7B243FBE4F5B34B74B /* Pods-WireMockClientTests.debug.xcconfig */ = {isa = PBXFileReference; includeInIndex = 1; lastKnownFileType = text.xcconfig; name = "Pods-WireMockClientTests.debug.xcconfig"; path = "Pods/Target Support Files/Pods-WireMockClientTests/Pods-WireMockClientTests.debug.xcconfig"; sourceTree = "<group>"; };
/* End PBXFileReference section */

/* Begin PBXFrameworksBuildPhase section */
		73A637201C5A28C200C57073 /* Frameworks */ = {
			isa = PBXFrameworksBuildPhase;
			buildActionMask = 2147483647;
			files = (
				BF52F966D7140035D26628AF /* Pods_WireMockClient.framework in Frameworks */,
			);
			runOnlyForDeploymentPostprocessing = 0;
		};
		73A6372B1C5A28C200C57073 /* Frameworks */ = {
			isa = PBXFrameworksBuildPhase;
			buildActionMask = 2147483647;
			files = (
				73A6372F1C5A28C200C57073 /* WireMockClient.framework in Frameworks */,
				8E3CF58F4E05140A755BF8BD /* Pods_WireMockClientTests.framework in Frameworks */,
			);
			runOnlyForDeploymentPostprocessing = 0;
		};
/* End PBXFrameworksBuildPhase section */

/* Begin PBXGroup section */
		546E4AA1A439D6CFCD421709 /* Pods */ = {
			isa = PBXGroup;
			children = (
				786832EB86CE55CFBE9148FD /* Pods-WireMockClient.debug.xcconfig */,
				7A1891E51CAFA8A40A3273F6 /* Pods-WireMockClient.release.xcconfig */,
				B937EC7B243FBE4F5B34B74B /* Pods-WireMockClientTests.debug.xcconfig */,
				3D0B4E863ABB248EC8B4EBE9 /* Pods-WireMockClientTests.release.xcconfig */,
			);
			name = Pods;
			sourceTree = "<group>";
		};
		73A6371A1C5A28C200C57073 = {
			isa = PBXGroup;
			children = (
				73A637261C5A28C200C57073 /* WireMockClient */,
				73A637321C5A28C200C57073 /* WireMockClientTests */,
				73A637251C5A28C200C57073 /* Products */,
				546E4AA1A439D6CFCD421709 /* Pods */,
				B72734ECEA8D135E1136562E /* Frameworks */,
			);
			sourceTree = "<group>";
		};
		73A637251C5A28C200C57073 /* Products */ = {
			isa = PBXGroup;
			children = (
				73A637241C5A28C200C57073 /* WireMockClient.framework */,
				73A6372E1C5A28C200C57073 /* WireMockClientTests.xctest */,
			);
			name = Products;
			sourceTree = "<group>";
		};
		73A637261C5A28C200C57073 /* WireMockClient */ = {
			isa = PBXGroup;
			children = (
				73A637401C5A2CEF00C57073 /* RequestBuilder.swift */,
				73A637411C5A2CEF00C57073 /* ResponseBuilder.swift */,
				73A637421C5A2CEF00C57073 /* Url.swift */,
				73A637271C5A28C200C57073 /* WireMockClient.h */,
				73A637291C5A28C200C57073 /* Info.plist */,
				73A6373E1C5A2AD600C57073 /* WireMockClient.swift */,
				73A637461C5A348300C57073 /* WireMockClientManager.swift */,
				73A6374A1C5A36F300C57073 /* MappingBuilder.swift */,
				73A6374C1C5A3BDD00C57073 /* Mapping.swift */,
				73A637501C5C721100C57073 /* Request.swift */,
				73A637541C5C801C00C57073 /* Response.swift */,
			);
			path = WireMockClient;
			sourceTree = "<group>";
		};
		73A637321C5A28C200C57073 /* WireMockClientTests */ = {
			isa = PBXGroup;
			children = (
				73A637331C5A28C200C57073 /* WireMockClientTests.swift */,
				73A637351C5A28C200C57073 /* Info.plist */,
				73A6374E1C5C705F00C57073 /* RequestBuilderTest.swift */,
				73A637521C5C7E9400C57073 /* ResponseBuilderTest.swift */,
			);
			path = WireMockClientTests;
			sourceTree = "<group>";
		};
		B72734ECEA8D135E1136562E /* Frameworks */ = {
			isa = PBXGroup;
			children = (
				08343DF096AA2D7E3360ADB3 /* Pods_WireMockClient.framework */,
				4C6D4A54AA268ED913D17DF9 /* Pods_WireMockClientTests.framework */,
			);
			name = Frameworks;
			sourceTree = "<group>";
		};
/* End PBXGroup section */

/* Begin PBXHeadersBuildPhase section */
		73A637211C5A28C200C57073 /* Headers */ = {
			isa = PBXHeadersBuildPhase;
			buildActionMask = 2147483647;
			files = (
				73A637281C5A28C200C57073 /* WireMockClient.h in Headers */,
			);
			runOnlyForDeploymentPostprocessing = 0;
		};
/* End PBXHeadersBuildPhase section */

/* Begin PBXNativeTarget section */
		73A637231C5A28C200C57073 /* WireMockClient */ = {
			isa = PBXNativeTarget;
			buildConfigurationList = 73A637381C5A28C200C57073 /* Build configuration list for PBXNativeTarget "WireMockClient" */;
			buildPhases = (
				EFDFED7BF10010C70C884A5D /* Check Pods Manifest.lock */,
				73A6371F1C5A28C200C57073 /* Sources */,
				73A637201C5A28C200C57073 /* Frameworks */,
				73A637211C5A28C200C57073 /* Headers */,
				73A637221C5A28C200C57073 /* Resources */,
				26535CB97C19AD06A4143145 /* Copy Pods Resources */,
			);
			buildRules = (
			);
			dependencies = (
			);
			name = WireMockClient;
			productName = WireMockClient;
			productReference = 73A637241C5A28C200C57073 /* WireMockClient.framework */;
			productType = "com.apple.product-type.framework";
		};
		73A6372D1C5A28C200C57073 /* WireMockClientTests */ = {
			isa = PBXNativeTarget;
			buildConfigurationList = 73A6373B1C5A28C200C57073 /* Build configuration list for PBXNativeTarget "WireMockClientTests" */;
			buildPhases = (
				92DDEB8D0B94E1C13539C440 /* Check Pods Manifest.lock */,
				73A6372A1C5A28C200C57073 /* Sources */,
				73A6372B1C5A28C200C57073 /* Frameworks */,
				73A6372C1C5A28C200C57073 /* Resources */,
				610EE1B521C9227EA99466C2 /* Embed Pods Frameworks */,
				526CB89C352AA860EEB4EB18 /* Copy Pods Resources */,
			);
			buildRules = (
			);
			dependencies = (
				73A637311C5A28C200C57073 /* PBXTargetDependency */,
			);
			name = WireMockClientTests;
			productName = WireMockClientTests;
			productReference = 73A6372E1C5A28C200C57073 /* WireMockClientTests.xctest */;
			productType = "com.apple.product-type.bundle.unit-test";
		};
/* End PBXNativeTarget section */

/* Begin PBXProject section */
		73A6371B1C5A28C200C57073 /* Project object */ = {
			isa = PBXProject;
			attributes = {
				LastSwiftUpdateCheck = 0720;
				LastUpgradeCheck = 0720;
				ORGANIZATIONNAME = "Deline Neo";
				TargetAttributes = {
					73A637231C5A28C200C57073 = {
						CreatedOnToolsVersion = 7.2;
						DevelopmentTeam = SDPB4WRGP5;
					};
					73A6372D1C5A28C200C57073 = {
						CreatedOnToolsVersion = 7.2;
						DevelopmentTeam = SDPB4WRGP5;
					};
				};
			};
			buildConfigurationList = 73A6371E1C5A28C200C57073 /* Build configuration list for PBXProject "WireMockClient" */;
			compatibilityVersion = "Xcode 3.2";
			developmentRegion = English;
			hasScannedForEncodings = 0;
			knownRegions = (
				en,
			);
			mainGroup = 73A6371A1C5A28C200C57073;
			productRefGroup = 73A637251C5A28C200C57073 /* Products */;
			projectDirPath = "";
			projectRoot = "";
			targets = (
				73A637231C5A28C200C57073 /* WireMockClient */,
				73A6372D1C5A28C200C57073 /* WireMockClientTests */,
			);
		};
/* End PBXProject section */

/* Begin PBXResourcesBuildPhase section */
		73A637221C5A28C200C57073 /* Resources */ = {
			isa = PBXResourcesBuildPhase;
			buildActionMask = 2147483647;
			files = (
			);
			runOnlyForDeploymentPostprocessing = 0;
		};
		73A6372C1C5A28C200C57073 /* Resources */ = {
			isa = PBXResourcesBuildPhase;
			buildActionMask = 2147483647;
			files = (
			);
			runOnlyForDeploymentPostprocessing = 0;
		};
/* End PBXResourcesBuildPhase section */

/* Begin PBXShellScriptBuildPhase section */
		26535CB97C19AD06A4143145 /* Copy Pods Resources */ = {
			isa = PBXShellScriptBuildPhase;
			buildActionMask = 2147483647;
			files = (
			);
			inputPaths = (
			);
			name = "Copy Pods Resources";
			outputPaths = (
			);
			runOnlyForDeploymentPostprocessing = 0;
			shellPath = /bin/sh;
			shellScript = "\"${SRCROOT}/Pods/Target Support Files/Pods-WireMockClient/Pods-WireMockClient-resources.sh\"\n";
			showEnvVarsInLog = 0;
		};
		526CB89C352AA860EEB4EB18 /* Copy Pods Resources */ = {
			isa = PBXShellScriptBuildPhase;
			buildActionMask = 2147483647;
			files = (
			);
			inputPaths = (
			);
			name = "Copy Pods Resources";
			outputPaths = (
			);
			runOnlyForDeploymentPostprocessing = 0;
			shellPath = /bin/sh;
			shellScript = "\"${SRCROOT}/Pods/Target Support Files/Pods-WireMockClientTests/Pods-WireMockClientTests-resources.sh\"\n";
			showEnvVarsInLog = 0;
		};
		610EE1B521C9227EA99466C2 /* Embed Pods Frameworks */ = {
			isa = PBXShellScriptBuildPhase;
			buildActionMask = 2147483647;
			files = (
			);
			inputPaths = (
			);
			name = "Embed Pods Frameworks";
			outputPaths = (
			);
			runOnlyForDeploymentPostprocessing = 0;
			shellPath = /bin/sh;
			shellScript = "\"${SRCROOT}/Pods/Target Support Files/Pods-WireMockClientTests/Pods-WireMockClientTests-frameworks.sh\"\n";
			showEnvVarsInLog = 0;
		};
		92DDEB8D0B94E1C13539C440 /* Check Pods Manifest.lock */ = {
			isa = PBXShellScriptBuildPhase;
			buildActionMask = 2147483647;
			files = (
			);
			inputPaths = (
			);
			name = "Check Pods Manifest.lock";
			outputPaths = (
			);
			runOnlyForDeploymentPostprocessing = 0;
			shellPath = /bin/sh;
			shellScript = "diff \"${PODS_ROOT}/../Podfile.lock\" \"${PODS_ROOT}/Manifest.lock\" > /dev/null\nif [[ $? != 0 ]] ; then\n    cat << EOM\nerror: The sandbox is not in sync with the Podfile.lock. Run 'pod install' or update your CocoaPods installation.\nEOM\n    exit 1\nfi\n";
			showEnvVarsInLog = 0;
		};
		EFDFED7BF10010C70C884A5D /* Check Pods Manifest.lock */ = {
			isa = PBXShellScriptBuildPhase;
			buildActionMask = 2147483647;
			files = (
			);
			inputPaths = (
			);
			name = "Check Pods Manifest.lock";
			outputPaths = (
			);
			runOnlyForDeploymentPostprocessing = 0;
			shellPath = /bin/sh;
			shellScript = "diff \"${PODS_ROOT}/../Podfile.lock\" \"${PODS_ROOT}/Manifest.lock\" > /dev/null\nif [[ $? != 0 ]] ; then\n    cat << EOM\nerror: The sandbox is not in sync with the Podfile.lock. Run 'pod install' or update your CocoaPods installation.\nEOM\n    exit 1\nfi\n";
			showEnvVarsInLog = 0;
		};
/* End PBXShellScriptBuildPhase section */

/* Begin PBXSourcesBuildPhase section */
		73A6371F1C5A28C200C57073 /* Sources */ = {
			isa = PBXSourcesBuildPhase;
			buildActionMask = 2147483647;
			files = (
				73A637431C5A2CEF00C57073 /* RequestBuilder.swift in Sources */,
				73A637511C5C721100C57073 /* Request.swift in Sources */,
				73A637471C5A348300C57073 /* WireMockClientManager.swift in Sources */,
				73A637441C5A2CEF00C57073 /* ResponseBuilder.swift in Sources */,
				73A637551C5C801C00C57073 /* Response.swift in Sources */,
				73A6373F1C5A2AD600C57073 /* WireMockClient.swift in Sources */,
				73A6374D1C5A3BDD00C57073 /* Mapping.swift in Sources */,
				73A6374B1C5A36F300C57073 /* MappingBuilder.swift in Sources */,
				73A637451C5A2CEF00C57073 /* Url.swift in Sources */,
			);
			runOnlyForDeploymentPostprocessing = 0;
		};
		73A6372A1C5A28C200C57073 /* Sources */ = {
			isa = PBXSourcesBuildPhase;
			buildActionMask = 2147483647;
			files = (
				73A6374F1C5C705F00C57073 /* RequestBuilderTest.swift in Sources */,
				73A637531C5C7E9400C57073 /* ResponseBuilderTest.swift in Sources */,
				73A637341C5A28C200C57073 /* WireMockClientTests.swift in Sources */,
			);
			runOnlyForDeploymentPostprocessing = 0;
		};
/* End PBXSourcesBuildPhase section */

/* Begin PBXTargetDependency section */
		73A637311C5A28C200C57073 /* PBXTargetDependency */ = {
			isa = PBXTargetDependency;
			target = 73A637231C5A28C200C57073 /* WireMockClient */;
			targetProxy = 73A637301C5A28C200C57073 /* PBXContainerItemProxy */;
		};
/* End PBXTargetDependency section */

/* Begin XCBuildConfiguration section */
		73A637361C5A28C200C57073 /* Debug */ = {
			isa = XCBuildConfiguration;
			buildSettings = {
				ALWAYS_SEARCH_USER_PATHS = NO;
				CLANG_CXX_LANGUAGE_STANDARD = "gnu++0x";
				CLANG_CXX_LIBRARY = "libc++";
				CLANG_ENABLE_MODULES = YES;
				CLANG_ENABLE_OBJC_ARC = YES;
				CLANG_WARN_BOOL_CONVERSION = YES;
				CLANG_WARN_CONSTANT_CONVERSION = YES;
				CLANG_WARN_DIRECT_OBJC_ISA_USAGE = YES_ERROR;
				CLANG_WARN_EMPTY_BODY = YES;
				CLANG_WARN_ENUM_CONVERSION = YES;
				CLANG_WARN_INT_CONVERSION = YES;
				CLANG_WARN_OBJC_ROOT_CLASS = YES_ERROR;
				CLANG_WARN_UNREACHABLE_CODE = YES;
				CLANG_WARN__DUPLICATE_METHOD_MATCH = YES;
				"CODE_SIGN_IDENTITY[sdk=iphoneos*]" = "iPhone Developer";
				COPY_PHASE_STRIP = NO;
				CURRENT_PROJECT_VERSION = 1;
				DEBUG_INFORMATION_FORMAT = dwarf;
				ENABLE_STRICT_OBJC_MSGSEND = YES;
				ENABLE_TESTABILITY = YES;
				GCC_C_LANGUAGE_STANDARD = gnu99;
				GCC_DYNAMIC_NO_PIC = NO;
				GCC_NO_COMMON_BLOCKS = YES;
				GCC_OPTIMIZATION_LEVEL = 0;
				GCC_PREPROCESSOR_DEFINITIONS = (
					"DEBUG=1",
					"$(inherited)",
				);
				GCC_WARN_64_TO_32_BIT_CONVERSION = YES;
				GCC_WARN_ABOUT_RETURN_TYPE = YES_ERROR;
				GCC_WARN_UNDECLARED_SELECTOR = YES;
				GCC_WARN_UNINITIALIZED_AUTOS = YES_AGGRESSIVE;
				GCC_WARN_UNUSED_FUNCTION = YES;
				GCC_WARN_UNUSED_VARIABLE = YES;
				IPHONEOS_DEPLOYMENT_TARGET = 9.2;
				MTL_ENABLE_DEBUG_INFO = YES;
				ONLY_ACTIVE_ARCH = YES;
				SDKROOT = iphoneos;
				SWIFT_OPTIMIZATION_LEVEL = "-Onone";
				TARGETED_DEVICE_FAMILY = "1,2";
				VERSIONING_SYSTEM = "apple-generic";
				VERSION_INFO_PREFIX = "";
			};
			name = Debug;
		};
		73A637371C5A28C200C57073 /* Release */ = {
			isa = XCBuildConfiguration;
			buildSettings = {
				ALWAYS_SEARCH_USER_PATHS = NO;
				CLANG_CXX_LANGUAGE_STANDARD = "gnu++0x";
				CLANG_CXX_LIBRARY = "libc++";
				CLANG_ENABLE_MODULES = YES;
				CLANG_ENABLE_OBJC_ARC = YES;
				CLANG_WARN_BOOL_CONVERSION = YES;
				CLANG_WARN_CONSTANT_CONVERSION = YES;
				CLANG_WARN_DIRECT_OBJC_ISA_USAGE = YES_ERROR;
				CLANG_WARN_EMPTY_BODY = YES;
				CLANG_WARN_ENUM_CONVERSION = YES;
				CLANG_WARN_INT_CONVERSION = YES;
				CLANG_WARN_OBJC_ROOT_CLASS = YES_ERROR;
				CLANG_WARN_UNREACHABLE_CODE = YES;
				CLANG_WARN__DUPLICATE_METHOD_MATCH = YES;
				"CODE_SIGN_IDENTITY[sdk=iphoneos*]" = "iPhone Developer";
				COPY_PHASE_STRIP = NO;
				CURRENT_PROJECT_VERSION = 1;
				DEBUG_INFORMATION_FORMAT = "dwarf-with-dsym";
				ENABLE_NS_ASSERTIONS = NO;
				ENABLE_STRICT_OBJC_MSGSEND = YES;
				GCC_C_LANGUAGE_STANDARD = gnu99;
				GCC_NO_COMMON_BLOCKS = YES;
				GCC_WARN_64_TO_32_BIT_CONVERSION = YES;
				GCC_WARN_ABOUT_RETURN_TYPE = YES_ERROR;
				GCC_WARN_UNDECLARED_SELECTOR = YES;
				GCC_WARN_UNINITIALIZED_AUTOS = YES_AGGRESSIVE;
				GCC_WARN_UNUSED_FUNCTION = YES;
				GCC_WARN_UNUSED_VARIABLE = YES;
				IPHONEOS_DEPLOYMENT_TARGET = 9.2;
				MTL_ENABLE_DEBUG_INFO = NO;
				SDKROOT = iphoneos;
				TARGETED_DEVICE_FAMILY = "1,2";
				VALIDATE_PRODUCT = YES;
				VERSIONING_SYSTEM = "apple-generic";
				VERSION_INFO_PREFIX = "";
			};
			name = Release;
		};
		73A637391C5A28C200C57073 /* Debug */ = {
			isa = XCBuildConfiguration;
			baseConfigurationReference = 786832EB86CE55CFBE9148FD /* Pods-WireMockClient.debug.xcconfig */;
			buildSettings = {
				CLANG_ENABLE_MODULES = YES;
				DEFINES_MODULE = YES;
				DYLIB_COMPATIBILITY_VERSION = 1;
				DYLIB_CURRENT_VERSION = 1;
				DYLIB_INSTALL_NAME_BASE = "@rpath";
				INFOPLIST_FILE = WireMockClient/Info.plist;
				INSTALL_PATH = "$(LOCAL_LIBRARY_DIR)/Frameworks";
				LD_RUNPATH_SEARCH_PATHS = "$(inherited) @executable_path/Frameworks @loader_path/Frameworks";
				PRODUCT_BUNDLE_IDENTIFIER = com.delineneo.WireMockClient;
				PRODUCT_NAME = "$(TARGET_NAME)";
				SKIP_INSTALL = YES;
				SWIFT_OPTIMIZATION_LEVEL = "-Onone";
			};
			name = Debug;
		};
		73A6373A1C5A28C200C57073 /* Release */ = {
			isa = XCBuildConfiguration;
			baseConfigurationReference = 7A1891E51CAFA8A40A3273F6 /* Pods-WireMockClient.release.xcconfig */;
			buildSettings = {
				CLANG_ENABLE_MODULES = YES;
				DEFINES_MODULE = YES;
				DYLIB_COMPATIBILITY_VERSION = 1;
				DYLIB_CURRENT_VERSION = 1;
				DYLIB_INSTALL_NAME_BASE = "@rpath";
				INFOPLIST_FILE = WireMockClient/Info.plist;
				INSTALL_PATH = "$(LOCAL_LIBRARY_DIR)/Frameworks";
				LD_RUNPATH_SEARCH_PATHS = "$(inherited) @executable_path/Frameworks @loader_path/Frameworks";
				PRODUCT_BUNDLE_IDENTIFIER = com.delineneo.WireMockClient;
				PRODUCT_NAME = "$(TARGET_NAME)";
				SKIP_INSTALL = YES;
			};
			name = Release;
		};
		73A6373C1C5A28C200C57073 /* Debug */ = {
			isa = XCBuildConfiguration;
			baseConfigurationReference = B937EC7B243FBE4F5B34B74B /* Pods-WireMockClientTests.debug.xcconfig */;
			buildSettings = {
				INFOPLIST_FILE = WireMockClientTests/Info.plist;
				LD_RUNPATH_SEARCH_PATHS = "$(inherited) @executable_path/Frameworks @loader_path/Frameworks";
				PRODUCT_BUNDLE_IDENTIFIER = com.delineneo.WireMockClientTests;
				PRODUCT_NAME = "$(TARGET_NAME)";
			};
			name = Debug;
		};
		73A6373D1C5A28C200C57073 /* Release */ = {
			isa = XCBuildConfiguration;
			baseConfigurationReference = 3D0B4E863ABB248EC8B4EBE9 /* Pods-WireMockClientTests.release.xcconfig */;
			buildSettings = {
				INFOPLIST_FILE = WireMockClientTests/Info.plist;
				LD_RUNPATH_SEARCH_PATHS = "$(inherited) @executable_path/Frameworks @loader_path/Frameworks";
				PRODUCT_BUNDLE_IDENTIFIER = com.delineneo.WireMockClientTests;
				PRODUCT_NAME = "$(TARGET_NAME)";
			};
			name = Release;
		};
/* End XCBuildConfiguration section */

/* Begin XCConfigurationList section */
		73A6371E1C5A28C200C57073 /* Build configuration list for PBXProject "WireMockClient" */ = {
			isa = XCConfigurationList;
			buildConfigurations = (
				73A637361C5A28C200C57073 /* Debug */,
				73A637371C5A28C200C57073 /* Release */,
			);
			defaultConfigurationIsVisible = 0;
			defaultConfigurationName = Release;
		};
		73A637381C5A28C200C57073 /* Build configuration list for PBXNativeTarget "WireMockClient" */ = {
			isa = XCConfigurationList;
			buildConfigurations = (
				73A637391C5A28C200C57073 /* Debug */,
				73A6373A1C5A28C200C57073 /* Release */,
			);
			defaultConfigurationIsVisible = 0;
			defaultConfigurationName = Release;
		};
		73A6373B1C5A28C200C57073 /* Build configuration list for PBXNativeTarget "WireMockClientTests" */ = {
			isa = XCConfigurationList;
			buildConfigurations = (
				73A6373C1C5A28C200C57073 /* Debug */,
				73A6373D1C5A28C200C57073 /* Release */,
			);
			defaultConfigurationIsVisible = 0;
			defaultConfigurationName = Release;
		};
/* End XCConfigurationList section */
	};
	rootObject = 73A6371B1C5A28C200C57073 /* Project object */;
}
